
Microsoft Visual Studio Solution File, Format Version 12.00
# Visual Studio Version 16
VisualStudioVersion = 16.0.30011.22
MinimumVisualStudioVersion = 10.0.40219.1
Project("{FAE04EC0-301F-11D3-BF4B-00C04F79EFBC}") = "WpfMailSender", "MailSender\WpfMailSender.csproj", "{DE2F7D05-5FDC-416D-B27D-3AA336BB325C}"
EndProject
Project("{2150E333-8FDC-42A3-9474-1A3956D46DE8}") = "Lesson 01", "Lesson 01", "{6CCD84C3-334C-4049-A60B-E8882BD2A573}"
EndProject
Project("{2150E333-8FDC-42A3-9474-1A3956D46DE8}") = "Lesson 02", "Lesson 02", "{B05CD921-90D9-4FB2-9A6A-15DD3856A197}"
EndProject
Project("{FAE04EC0-301F-11D3-BF4B-00C04F79EFBC}") = "TabSwitcher", "TabSwitcher\TabSwitcher.csproj", "{0DAC5A7B-B1B3-4E21-B38D-6614B0D318DE}"
EndProject
Global
	GlobalSection(SolutionConfigurationPlatforms) = preSolution
		Debug|Any CPU = Debug|Any CPU
		Release|Any CPU = Release|Any CPU
	EndGlobalSection
	GlobalSection(ProjectConfigurationPlatforms) = postSolution
		{DE2F7D05-5FDC-416D-B27D-3AA336BB325C}.Debug|Any CPU.ActiveCfg = Debug|Any CPU
		{DE2F7D05-5FDC-416D-B27D-3AA336BB325C}.Debug|Any CPU.Build.0 = Debug|Any CPU
		{DE2F7D05-5FDC-416D-B27D-3AA336BB325C}.Release|Any CPU.ActiveCfg = Release|Any CPU
		{DE2F7D05-5FDC-416D-B27D-3AA336BB325C}.Release|Any CPU.Build.0 = Release|Any CPU
		{0DAC5A7B-B1B3-4E21-B38D-6614B0D318DE}.Debug|Any CPU.ActiveCfg = Debug|Any CPU
		{0DAC5A7B-B1B3-4E21-B38D-6614B0D318DE}.Debug|Any CPU.Build.0 = Debug|Any CPU
		{0DAC5A7B-B1B3-4E21-B38D-6614B0D318DE}.Release|Any CPU.ActiveCfg = Release|Any CPU
		{0DAC5A7B-B1B3-4E21-B38D-6614B0D318DE}.Release|Any CPU.Build.0 = Release|Any CPU
	EndGlobalSection
	GlobalSection(SolutionProperties) = preSolution
		HideSolutionNode = FALSE
	EndGlobalSection
	GlobalSection(ExtensibilityGlobals) = postSolution
		SolutionGuid = {15A63000-88B7-4011-8D98-08DD58B6BD2B}
	EndGlobalSection
EndGlobal
